
Microsoft Visual Studio Solution File, Format Version 11.00
# Visual Studio 2010
Project("{FAE04EC0-301F-11D3-BF4B-00C04F79EFBC}") = "ExtraPlugins", "ExtraPlugins.csproj", "{327B6B70-DD11-4054-AA14-4377439E6531}"
EndProject
Project("{FAE04EC0-301F-11D3-BF4B-00C04F79EFBC}") = "BotCore", "..\BotCore\BotCore.csproj", "{3C82A4CF-9979-440C-A03E-EE3BB2B0BFBC}"
EndProject
Global
	GlobalSection(SolutionConfigurationPlatforms) = preSolution
		Debug|Any CPU = Debug|Any CPU
		Release|Any CPU = Release|Any CPU
	EndGlobalSection
	GlobalSection(ProjectConfigurationPlatforms) = postSolution
		{327B6B70-DD11-4054-AA14-4377439E6531}.Debug|Any CPU.ActiveCfg = Debug|Any CPU
		{327B6B70-DD11-4054-AA14-4377439E6531}.Debug|Any CPU.Build.0 = Debug|Any CPU
		{327B6B70-DD11-4054-AA14-4377439E6531}.Release|Any CPU.ActiveCfg = Release|Any CPU
		{327B6B70-DD11-4054-AA14-4377439E6531}.Release|Any CPU.Build.0 = Release|Any CPU
		{3C82A4CF-9979-440C-A03E-EE3BB2B0BFBC}.Debug|Any CPU.ActiveCfg = Debug|Any CPU
		{3C82A4CF-9979-440C-A03E-EE3BB2B0BFBC}.Debug|Any CPU.Build.0 = Debug|Any CPU
		{3C82A4CF-9979-440C-A03E-EE3BB2B0BFBC}.Release|Any CPU.ActiveCfg = Release|Any CPU
		{3C82A4CF-9979-440C-A03E-EE3BB2B0BFBC}.Release|Any CPU.Build.0 = Release|Any CPU
	EndGlobalSection
	GlobalSection(SolutionProperties) = preSolution
		HideSolutionNode = FALSE
	EndGlobalSection
EndGlobal
